
Microsoft Visual Studio Solution File, Format Version 12.00
# Visual Studio Version 17
VisualStudioVersion = 17.14.36109.1 d17.14
MinimumVisualStudioVersion = 10.0.40219.1
Project("{FAE04EC0-301F-11D3-BF4B-00C04F79EFBC}") = "Testasioa2", "Testasioa2.csproj", "{39DF9428-2CF5-45BC-D639-8BA081761011}"
EndProject
Global
	GlobalSection(SolutionConfigurationPlatforms) = preSolution
		Debug|Any CPU = Debug|Any CPU
		Release|Any CPU = Release|Any CPU
	EndGlobalSection
	GlobalSection(ProjectConfigurationPlatforms) = postSolution
		{39DF9428-2CF5-45BC-D639-8BA081761011}.Debug|Any CPU.ActiveCfg = Debug|Any CPU
		{39DF9428-2CF5-45BC-D639-8BA081761011}.Debug|Any CPU.Build.0 = Debug|Any CPU
		{39DF9428-2CF5-45BC-D639-8BA081761011}.Release|Any CPU.ActiveCfg = Release|Any CPU
		{39DF9428-2CF5-45BC-D639-8BA081761011}.Release|Any CPU.Build.0 = Release|Any CPU
	EndGlobalSection
	GlobalSection(SolutionProperties) = preSolution
		HideSolutionNode = FALSE
	EndGlobalSection
	GlobalSection(ExtensibilityGlobals) = postSolution
		SolutionGuid = {B162C3B8-1D6F-41C6-B727-656F407CD89E}
	EndGlobalSection
EndGlobal
